<?xml version="1.0" encoding="utf-8"?>
<Project ToolsVersion="4.0" xmlns="http://schemas.microsoft.com/developer/msbuild/2003">
  <ItemGroup>
    <Filter Include="src">
      <UniqueIdentifier>{4FC737F1-C7A5-4376-A066-2A32D752A2FF}</UniqueIdentifier>
    </Filter>
    <Filter Include="src\util">
      <UniqueIdentifier>{4ff4d5dd-c52d-48af-8b65-2f3076e3b4fa}</UniqueIdentifier>
    </Filter>
  </ItemGroup>
  <ItemGroup>
    <ClCompile Include="util\clipboard.c">
      <Filter>src\util</Filter>
    </ClCompile>
    <ClCompile Include="util\keyboard.c">
      <Filter>src\util</Filter>
    </ClCompile>
    <ClCompile Include="util\registry.c">
      <Filter>src\util</Filter>
    </ClCompile>
    <ClCompile Include="main.c">
      <Filter>src</Filter>
    </ClCompile>
    <ClCompile Include="keylogger.c">
      <Filter>src</Filter>
    </ClCompile>
  </ItemGroup>
  <ItemGroup>
    <ClInclude Include="util\clipboard.h">
      <Filter>src\util</Filter>
    </ClInclude>
    <ClInclude Include="util\keyboard.h">
      <Filter>src\util</Filter>
    </ClInclude>
    <ClInclude Include="util\registry.h">
      <Filter>src\util</Filter>
    </ClInclude>
    <ClInclude Include="constants.h">
      <Filter>src</Filter>
    </ClInclude>
    <ClInclude Include="keylogger.h">
      <Filter>src</Filter>
    </ClInclude>
    <ClInclude Include="config.h">
      <Filter>src</Filter>
    </ClInclude>
  </ItemGroup>
</Project>